// !$*UTF8*$!
{
	archiveVersion = 1;
	classes = {
	};
	objectVersion = 50;
	objects = {

/* Begin PBXBuildFile section */
		351C10DD2296CE60003FA997 /* AppDelegate.swift in Sources */ = {isa = PBXBuildFile; fileRef = 351C10DC2296CE60003FA997 /* AppDelegate.swift */; };
		351C10DF2296CE60003FA997 /* CurrencyConversionViewController.swift in Sources */ = {isa = PBXBuildFile; fileRef = 351C10DE2296CE60003FA997 /* CurrencyConversionViewController.swift */; };
		351C10E22296CE60003FA997 /* Main.storyboard in Resources */ = {isa = PBXBuildFile; fileRef = 351C10E02296CE60003FA997 /* Main.storyboard */; };
		351C10E42296CE63003FA997 /* Assets.xcassets in Resources */ = {isa = PBXBuildFile; fileRef = 351C10E32296CE63003FA997 /* Assets.xcassets */; };
		351C10E72296CE63003FA997 /* LaunchScreen.storyboard in Resources */ = {isa = PBXBuildFile; fileRef = 351C10E52296CE63003FA997 /* LaunchScreen.storyboard */; };
		35C56A8E2297E51500A79213 /* APIClient.swift in Sources */ = {isa = PBXBuildFile; fileRef = 35C56A8D2297E51500A79213 /* APIClient.swift */; };
		35C56A942297F3AA00A79213 /* CurrencyLayerAPIClient.swift in Sources */ = {isa = PBXBuildFile; fileRef = 35C56A932297F3AA00A79213 /* CurrencyLayerAPIClient.swift */; };
		35C56A972297F82B00A79213 /* CurrencyChangesEntity.swift in Sources */ = {isa = PBXBuildFile; fileRef = 35C56A962297F82B00A79213 /* CurrencyChangesEntity.swift */; };
		35C56A9A2297F9C800A79213 /* CurrencyLayerRepository.swift in Sources */ = {isa = PBXBuildFile; fileRef = 35C56A992297F9C800A79213 /* CurrencyLayerRepository.swift */; };
		35C56A9D2297FBB700A79213 /* CurrencyLayerUseCase.swift in Sources */ = {isa = PBXBuildFile; fileRef = 35C56A9C2297FBB700A79213 /* CurrencyLayerUseCase.swift */; };
		35C56A9F2297FD5C00A79213 /* CurrencyConversionTemplate.swift in Sources */ = {isa = PBXBuildFile; fileRef = 35C56A9E2297FD5C00A79213 /* CurrencyConversionTemplate.swift */; };
		35C56AA12297FD9300A79213 /* ListCurrency.swift in Sources */ = {isa = PBXBuildFile; fileRef = 35C56AA02297FD9300A79213 /* ListCurrency.swift */; };
		35C56AA32297FDA400A79213 /* ListExchangeRate.swift in Sources */ = {isa = PBXBuildFile; fileRef = 35C56AA22297FDA400A79213 /* ListExchangeRate.swift */; };
		35C56AA522980B7200A79213 /* CellExchangeRate.swift in Sources */ = {isa = PBXBuildFile; fileRef = 35C56AA422980B7200A79213 /* CellExchangeRate.swift */; };
		35C56AA722980B8C00A79213 /* CurrencyPairLabel.swift in Sources */ = {isa = PBXBuildFile; fileRef = 35C56AA622980B8C00A79213 /* CurrencyPairLabel.swift */; };
		35C56AA922980B9B00A79213 /* RateLabel.swift in Sources */ = {isa = PBXBuildFile; fileRef = 35C56AA822980B9B00A79213 /* RateLabel.swift */; };
		35C56AAE229819B200A79213 /* CurrencyChangeViewModel.swift in Sources */ = {isa = PBXBuildFile; fileRef = 35C56AAD229819B200A79213 /* CurrencyChangeViewModel.swift */; };
		35C56AB12298332B00A79213 /* CurrencyConversionPresenter.swift in Sources */ = {isa = PBXBuildFile; fileRef = 35C56AB02298332B00A79213 /* CurrencyConversionPresenter.swift */; };
		35C56AB32298402B00A79213 /* SupportedCurrenciesEntity.swift in Sources */ = {isa = PBXBuildFile; fileRef = 35C56AB22298402B00A79213 /* SupportedCurrenciesEntity.swift */; };
		35C56AB5229840AF00A79213 /* SupportedCurrencyViewModel.swift in Sources */ = {isa = PBXBuildFile; fileRef = 35C56AB4229840AF00A79213 /* SupportedCurrencyViewModel.swift */; };
		35C56AB82298C19400A79213 /* LocalStorageClient.swift in Sources */ = {isa = PBXBuildFile; fileRef = 35C56AB72298C19400A79213 /* LocalStorageClient.swift */; };
		35C56ABB2298C27B00A79213 /* CacheAPIRepository.swift in Sources */ = {isa = PBXBuildFile; fileRef = 35C56ABA2298C27B00A79213 /* CacheAPIRepository.swift */; };
		35C56ABD2298D07A00A79213 /* CommonUtils.swift in Sources */ = {isa = PBXBuildFile; fileRef = 35C56ABC2298D07A00A79213 /* CommonUtils.swift */; };
		AE67F33A8B52709CDB56C4F6 /* Pods_Currency_Conversion_App.framework in Frameworks */ = {isa = PBXBuildFile; fileRef = 8B70C01B6CEF0EF9D875066D /* Pods_Currency_Conversion_App.framework */; };
/* End PBXBuildFile section */

/* Begin PBXFileReference section */
		22FB7C0BE312D74DE4AA4AB0 /* Pods-Currency Conversion App.release.xcconfig */ = {isa = PBXFileReference; includeInIndex = 1; lastKnownFileType = text.xcconfig; name = "Pods-Currency Conversion App.release.xcconfig"; path = "Target Support Files/Pods-Currency Conversion App/Pods-Currency Conversion App.release.xcconfig"; sourceTree = "<group>"; };
		351C10D92296CE60003FA997 /* Currency Conversion App.app */ = {isa = PBXFileReference; explicitFileType = wrapper.application; includeInIndex = 0; path = "Currency Conversion App.app"; sourceTree = BUILT_PRODUCTS_DIR; };
		351C10DC2296CE60003FA997 /* AppDelegate.swift */ = {isa = PBXFileReference; lastKnownFileType = sourcecode.swift; path = AppDelegate.swift; sourceTree = "<group>"; };
		351C10DE2296CE60003FA997 /* CurrencyConversionViewController.swift */ = {isa = PBXFileReference; lastKnownFileType = sourcecode.swift; path = CurrencyConversionViewController.swift; sourceTree = "<group>"; };
		351C10E12296CE60003FA997 /* Base */ = {isa = PBXFileReference; lastKnownFileType = file.storyboard; name = Base; path = Base.lproj/Main.storyboard; sourceTree = "<group>"; };
		351C10E32296CE63003FA997 /* Assets.xcassets */ = {isa = PBXFileReference; lastKnownFileType = folder.assetcatalog; path = Assets.xcassets; sourceTree = "<group>"; };
		351C10E62296CE63003FA997 /* Base */ = {isa = PBXFileReference; lastKnownFileType = file.storyboard; name = Base; path = Base.lproj/LaunchScreen.storyboard; sourceTree = "<group>"; };
		351C10E82296CE63003FA997 /* Info.plist */ = {isa = PBXFileReference; lastKnownFileType = text.plist.xml; path = Info.plist; sourceTree = "<group>"; };
		35C56A8D2297E51500A79213 /* APIClient.swift */ = {isa = PBXFileReference; lastKnownFileType = sourcecode.swift; path = APIClient.swift; sourceTree = "<group>"; };
		35C56A932297F3AA00A79213 /* CurrencyLayerAPIClient.swift */ = {isa = PBXFileReference; lastKnownFileType = sourcecode.swift; path = CurrencyLayerAPIClient.swift; sourceTree = "<group>"; };
		35C56A962297F82B00A79213 /* CurrencyChangesEntity.swift */ = {isa = PBXFileReference; lastKnownFileType = sourcecode.swift; path = CurrencyChangesEntity.swift; sourceTree = "<group>"; };
		35C56A992297F9C800A79213 /* CurrencyLayerRepository.swift */ = {isa = PBXFileReference; lastKnownFileType = sourcecode.swift; path = CurrencyLayerRepository.swift; sourceTree = "<group>"; };
		35C56A9C2297FBB700A79213 /* CurrencyLayerUseCase.swift */ = {isa = PBXFileReference; lastKnownFileType = sourcecode.swift; path = CurrencyLayerUseCase.swift; sourceTree = "<group>"; };
		35C56A9E2297FD5C00A79213 /* CurrencyConversionTemplate.swift */ = {isa = PBXFileReference; lastKnownFileType = sourcecode.swift; path = CurrencyConversionTemplate.swift; sourceTree = "<group>"; };
		35C56AA02297FD9300A79213 /* ListCurrency.swift */ = {isa = PBXFileReference; lastKnownFileType = sourcecode.swift; path = ListCurrency.swift; sourceTree = "<group>"; };
		35C56AA22297FDA400A79213 /* ListExchangeRate.swift */ = {isa = PBXFileReference; lastKnownFileType = sourcecode.swift; path = ListExchangeRate.swift; sourceTree = "<group>"; };
		35C56AA422980B7200A79213 /* CellExchangeRate.swift */ = {isa = PBXFileReference; lastKnownFileType = sourcecode.swift; path = CellExchangeRate.swift; sourceTree = "<group>"; };
		35C56AA622980B8C00A79213 /* CurrencyPairLabel.swift */ = {isa = PBXFileReference; lastKnownFileType = sourcecode.swift; path = CurrencyPairLabel.swift; sourceTree = "<group>"; };
		35C56AA822980B9B00A79213 /* RateLabel.swift */ = {isa = PBXFileReference; lastKnownFileType = sourcecode.swift; path = RateLabel.swift; sourceTree = "<group>"; };
		35C56AAD229819B200A79213 /* CurrencyChangeViewModel.swift */ = {isa = PBXFileReference; lastKnownFileType = sourcecode.swift; path = CurrencyChangeViewModel.swift; sourceTree = "<group>"; };
		35C56AB02298332B00A79213 /* CurrencyConversionPresenter.swift */ = {isa = PBXFileReference; lastKnownFileType = sourcecode.swift; path = CurrencyConversionPresenter.swift; sourceTree = "<group>"; };
		35C56AB22298402B00A79213 /* SupportedCurrenciesEntity.swift */ = {isa = PBXFileReference; lastKnownFileType = sourcecode.swift; path = SupportedCurrenciesEntity.swift; sourceTree = "<group>"; };
		35C56AB4229840AF00A79213 /* SupportedCurrencyViewModel.swift */ = {isa = PBXFileReference; lastKnownFileType = sourcecode.swift; path = SupportedCurrencyViewModel.swift; sourceTree = "<group>"; };
		35C56AB72298C19400A79213 /* LocalStorageClient.swift */ = {isa = PBXFileReference; lastKnownFileType = sourcecode.swift; path = LocalStorageClient.swift; sourceTree = "<group>"; };
		35C56ABA2298C27B00A79213 /* CacheAPIRepository.swift */ = {isa = PBXFileReference; lastKnownFileType = sourcecode.swift; path = CacheAPIRepository.swift; sourceTree = "<group>"; };
		35C56ABC2298D07A00A79213 /* CommonUtils.swift */ = {isa = PBXFileReference; lastKnownFileType = sourcecode.swift; path = CommonUtils.swift; sourceTree = "<group>"; };
		3923BA72E8993FAF35A59F25 /* Pods-Currency Conversion App.debug.xcconfig */ = {isa = PBXFileReference; includeInIndex = 1; lastKnownFileType = text.xcconfig; name = "Pods-Currency Conversion App.debug.xcconfig"; path = "Target Support Files/Pods-Currency Conversion App/Pods-Currency Conversion App.debug.xcconfig"; sourceTree = "<group>"; };
		8B70C01B6CEF0EF9D875066D /* Pods_Currency_Conversion_App.framework */ = {isa = PBXFileReference; explicitFileType = wrapper.framework; includeInIndex = 0; path = Pods_Currency_Conversion_App.framework; sourceTree = BUILT_PRODUCTS_DIR; };
/* End PBXFileReference section */

/* Begin PBXFrameworksBuildPhase section */
		351C10D62296CE60003FA997 /* Frameworks */ = {
			isa = PBXFrameworksBuildPhase;
			buildActionMask = 2147483647;
			files = (
				AE67F33A8B52709CDB56C4F6 /* Pods_Currency_Conversion_App.framework in Frameworks */,
			);
			runOnlyForDeploymentPostprocessing = 0;
		};
/* End PBXFrameworksBuildPhase section */

/* Begin PBXGroup section */
		1BB6175C2D434D17ACD9CF23 /* Frameworks */ = {
			isa = PBXGroup;
			children = (
				8B70C01B6CEF0EF9D875066D /* Pods_Currency_Conversion_App.framework */,
			);
			name = Frameworks;
			sourceTree = "<group>";
		};
		351C10D02296CE60003FA997 = {
			isa = PBXGroup;
			children = (
				351C10DB2296CE60003FA997 /* Currency Conversion App */,
				351C10DA2296CE60003FA997 /* Products */,
				B2C4589F3192FBA67DA816CF /* Pods */,
				1BB6175C2D434D17ACD9CF23 /* Frameworks */,
			);
			sourceTree = "<group>";
		};
		351C10DA2296CE60003FA997 /* Products */ = {
			isa = PBXGroup;
			children = (
				351C10D92296CE60003FA997 /* Currency Conversion App.app */,
			);
			name = Products;
			sourceTree = "<group>";
		};
		351C10DB2296CE60003FA997 /* Currency Conversion App */ = {
			isa = PBXGroup;
			children = (
				35C56AAF229832BF00A79213 /* Presenter */,
				35C53B512297E4720037CB58 /* Application */,
				35C53B502297E45B0037CB58 /* Presentation */,
				35C53B4F2297E4500037CB58 /* Domain */,
				35C53B4E2297E43E0037CB58 /* Data */,
				351C10DC2296CE60003FA997 /* AppDelegate.swift */,
				351C10E32296CE63003FA997 /* Assets.xcassets */,
				351C10E52296CE63003FA997 /* LaunchScreen.storyboard */,
				351C10E82296CE63003FA997 /* Info.plist */,
			);
			path = "Currency Conversion App";
			sourceTree = "<group>";
		};
		35C53B4E2297E43E0037CB58 /* Data */ = {
			isa = PBXGroup;
			children = (
				35C56AAC2298185100A79213 /* ViewModel */,
				35C56A982297F99500A79213 /* Repository */,
				35C56A952297F7CC00A79213 /* Entities */,
			);
			path = Data;
			sourceTree = "<group>";
		};
		35C53B4F2297E4500037CB58 /* Domain */ = {
			isa = PBXGroup;
			children = (
				35C56A9B2297FBA900A79213 /* UseCase */,
			);
			path = Domain;
			sourceTree = "<group>";
		};
		35C53B502297E45B0037CB58 /* Presentation */ = {
			isa = PBXGroup;
			children = (
				35C56A922297E93100A79213 /* TemplateViews */,
				35C56A912297E8EB00A79213 /* OrganismViews */,
				35C56A902297E89900A79213 /* MoleculeViews */,
				35C56A8F2297E88900A79213 /* AtomicViews */,
				351C10DE2296CE60003FA997 /* CurrencyConversionViewController.swift */,
				351C10E02296CE60003FA997 /* Main.storyboard */,
			);
			path = Presentation;
			sourceTree = "<group>";
		};
		35C53B512297E4720037CB58 /* Application */ = {
			isa = PBXGroup;
			children = (
				35C56AB62298C17800A79213 /* LocalStorage */,
				35C56AAA22980FE700A79213 /* Utils */,
				35C56A8C2297E50100A79213 /* Network */,
			);
			path = Application;
			sourceTree = "<group>";
		};
		35C56A8C2297E50100A79213 /* Network */ = {
			isa = PBXGroup;
			children = (
				35C56A8D2297E51500A79213 /* APIClient.swift */,
				35C56A932297F3AA00A79213 /* CurrencyLayerAPIClient.swift */,
			);
			path = Network;
			sourceTree = "<group>";
		};
		35C56A8F2297E88900A79213 /* AtomicViews */ = {
			isa = PBXGroup;
			children = (
				35C56AA622980B8C00A79213 /* CurrencyPairLabel.swift */,
				35C56AA822980B9B00A79213 /* RateLabel.swift */,
			);
			path = AtomicViews;
			sourceTree = "<group>";
		};
		35C56A902297E89900A79213 /* MoleculeViews */ = {
			isa = PBXGroup;
			children = (
				35C56AA422980B7200A79213 /* CellExchangeRate.swift */,
			);
			path = MoleculeViews;
			sourceTree = "<group>";
		};
		35C56A912297E8EB00A79213 /* OrganismViews */ = {
			isa = PBXGroup;
			children = (
				35C56AA02297FD9300A79213 /* ListCurrency.swift */,
				35C56AA22297FDA400A79213 /* ListExchangeRate.swift */,
			);
			path = OrganismViews;
			sourceTree = "<group>";
		};
		35C56A922297E93100A79213 /* TemplateViews */ = {
			isa = PBXGroup;
			children = (
				35C56A9E2297FD5C00A79213 /* CurrencyConversionTemplate.swift */,
			);
			path = TemplateViews;
			sourceTree = "<group>";
		};
		35C56A952297F7CC00A79213 /* Entities */ = {
			isa = PBXGroup;
			children = (
				35C56A962297F82B00A79213 /* CurrencyChangesEntity.swift */,
				35C56AB22298402B00A79213 /* SupportedCurrenciesEntity.swift */,
			);
			path = Entities;
			sourceTree = "<group>";
		};
		35C56A982297F99500A79213 /* Repository */ = {
			isa = PBXGroup;
			children = (
				35C56A992297F9C800A79213 /* CurrencyLayerRepository.swift */,
				35C56ABA2298C27B00A79213 /* CacheAPIRepository.swift */,
			);
			path = Repository;
			sourceTree = "<group>";
		};
		35C56A9B2297FBA900A79213 /* UseCase */ = {
			isa = PBXGroup;
			children = (
				35C56A9C2297FBB700A79213 /* CurrencyLayerUseCase.swift */,
			);
			path = UseCase;
			sourceTree = "<group>";
		};
		35C56AAA22980FE700A79213 /* Utils */ = {
			isa = PBXGroup;
			children = (
				35C56ABC2298D07A00A79213 /* CommonUtils.swift */,
			);
			path = Utils;
			sourceTree = "<group>";
		};
		35C56AAC2298185100A79213 /* ViewModel */ = {
			isa = PBXGroup;
			children = (
				35C56AAD229819B200A79213 /* CurrencyChangeViewModel.swift */,
				35C56AB4229840AF00A79213 /* SupportedCurrencyViewModel.swift */,
			);
			path = ViewModel;
			sourceTree = "<group>";
		};
		35C56AAF229832BF00A79213 /* Presenter */ = {
			isa = PBXGroup;
			children = (
				35C56AB02298332B00A79213 /* CurrencyConversionPresenter.swift */,
			);
			path = Presenter;
			sourceTree = "<group>";
		};
		35C56AB62298C17800A79213 /* LocalStorage */ = {
			isa = PBXGroup;
			children = (
				35C56AB72298C19400A79213 /* LocalStorageClient.swift */,
			);
			path = LocalStorage;
			sourceTree = "<group>";
		};
		B2C4589F3192FBA67DA816CF /* Pods */ = {
			isa = PBXGroup;
			children = (
				3923BA72E8993FAF35A59F25 /* Pods-Currency Conversion App.debug.xcconfig */,
				22FB7C0BE312D74DE4AA4AB0 /* Pods-Currency Conversion App.release.xcconfig */,
			);
			path = Pods;
			sourceTree = "<group>";
		};
/* End PBXGroup section */

/* Begin PBXNativeTarget section */
		351C10D82296CE60003FA997 /* Currency Conversion App */ = {
			isa = PBXNativeTarget;
			buildConfigurationList = 351C10EB2296CE63003FA997 /* Build configuration list for PBXNativeTarget "Currency Conversion App" */;
			buildPhases = (
				3C2F1B4DDE79DB9F24351EA7 /* [CP] Check Pods Manifest.lock */,
				351C10D52296CE60003FA997 /* Sources */,
				351C10D62296CE60003FA997 /* Frameworks */,
				351C10D72296CE60003FA997 /* Resources */,
				CAAB673D3E23DC6C621BF637 /* [CP] Embed Pods Frameworks */,
			);
			buildRules = (
			);
			dependencies = (
			);
			name = "Currency Conversion App";
			productName = "Currency Conversion App";
			productReference = 351C10D92296CE60003FA997 /* Currency Conversion App.app */;
			productType = "com.apple.product-type.application";
		};
/* End PBXNativeTarget section */

/* Begin PBXProject section */
		351C10D12296CE60003FA997 /* Project object */ = {
			isa = PBXProject;
			attributes = {
				LastSwiftUpdateCheck = 1020;
				LastUpgradeCheck = 1020;
				ORGANIZATIONNAME = kitaharamugirou;
				TargetAttributes = {
					351C10D82296CE60003FA997 = {
						CreatedOnToolsVersion = 10.2.1;
					};
				};
			};
			buildConfigurationList = 351C10D42296CE60003FA997 /* Build configuration list for PBXProject "Currency Conversion App" */;
			compatibilityVersion = "Xcode 9.3";
			developmentRegion = en;
			hasScannedForEncodings = 0;
			knownRegions = (
				en,
				Base,
			);
			mainGroup = 351C10D02296CE60003FA997;
			productRefGroup = 351C10DA2296CE60003FA997 /* Products */;
			projectDirPath = "";
			projectRoot = "";
			targets = (
				351C10D82296CE60003FA997 /* Currency Conversion App */,
			);
		};
/* End PBXProject section */

/* Begin PBXResourcesBuildPhase section */
		351C10D72296CE60003FA997 /* Resources */ = {
			isa = PBXResourcesBuildPhase;
			buildActionMask = 2147483647;
			files = (
				351C10E72296CE63003FA997 /* LaunchScreen.storyboard in Resources */,
				351C10E42296CE63003FA997 /* Assets.xcassets in Resources */,
				351C10E22296CE60003FA997 /* Main.storyboard in Resources */,
			);
			runOnlyForDeploymentPostprocessing = 0;
		};
/* End PBXResourcesBuildPhase section */

/* Begin PBXShellScriptBuildPhase section */
		3C2F1B4DDE79DB9F24351EA7 /* [CP] Check Pods Manifest.lock */ = {
			isa = PBXShellScriptBuildPhase;
			buildActionMask = 2147483647;
			files = (
			);
			inputFileListPaths = (
			);
			inputPaths = (
				"${PODS_PODFILE_DIR_PATH}/Podfile.lock",
				"${PODS_ROOT}/Manifest.lock",
			);
			name = "[CP] Check Pods Manifest.lock";
			outputFileListPaths = (
			);
			outputPaths = (
				"$(DERIVED_FILE_DIR)/Pods-Currency Conversion App-checkManifestLockResult.txt",
			);
			runOnlyForDeploymentPostprocessing = 0;
			shellPath = /bin/sh;
			shellScript = "diff \"${PODS_PODFILE_DIR_PATH}/Podfile.lock\" \"${PODS_ROOT}/Manifest.lock\" > /dev/null\nif [ $? != 0 ] ; then\n    # print error to STDERR\n    echo \"error: The sandbox is not in sync with the Podfile.lock. Run 'pod install' or update your CocoaPods installation.\" >&2\n    exit 1\nfi\n# This output is used by Xcode 'outputs' to avoid re-running this script phase.\necho \"SUCCESS\" > \"${SCRIPT_OUTPUT_FILE_0}\"\n";
			showEnvVarsInLog = 0;
		};
		CAAB673D3E23DC6C621BF637 /* [CP] Embed Pods Frameworks */ = {
			isa = PBXShellScriptBuildPhase;
			buildActionMask = 2147483647;
			files = (
			);
			inputFileListPaths = (
			);
			inputPaths = (
				"${PODS_ROOT}/Target Support Files/Pods-Currency Conversion App/Pods-Currency Conversion App-frameworks.sh",
				"${BUILT_PRODUCTS_DIR}/Alamofire/Alamofire.framework",
				"${BUILT_PRODUCTS_DIR}/iOSDropDown/iOSDropDown.framework",
			);
			name = "[CP] Embed Pods Frameworks";
			outputFileListPaths = (
			);
			outputPaths = (
				"${TARGET_BUILD_DIR}/${FRAMEWORKS_FOLDER_PATH}/Alamofire.framework",
				"${TARGET_BUILD_DIR}/${FRAMEWORKS_FOLDER_PATH}/iOSDropDown.framework",
			);
			runOnlyForDeploymentPostprocessing = 0;
			shellPath = /bin/sh;
			shellScript = "\"${PODS_ROOT}/Target Support Files/Pods-Currency Conversion App/Pods-Currency Conversion App-frameworks.sh\"\n";
			showEnvVarsInLog = 0;
		};
/* End PBXShellScriptBuildPhase section */

/* Begin PBXSourcesBuildPhase section */
		351C10D52296CE60003FA997 /* Sources */ = {
			isa = PBXSourcesBuildPhase;
			buildActionMask = 2147483647;
			files = (
				35C56AB32298402B00A79213 /* SupportedCurrenciesEntity.swift in Sources */,
				35C56A9F2297FD5C00A79213 /* CurrencyConversionTemplate.swift in Sources */,
				35C56AA722980B8C00A79213 /* CurrencyPairLabel.swift in Sources */,
				35C56A972297F82B00A79213 /* CurrencyChangesEntity.swift in Sources */,
				35C56A942297F3AA00A79213 /* CurrencyLayerAPIClient.swift in Sources */,
				35C56A9D2297FBB700A79213 /* CurrencyLayerUseCase.swift in Sources */,
				35C56ABD2298D07A00A79213 /* CommonUtils.swift in Sources */,
				35C56AA32297FDA400A79213 /* ListExchangeRate.swift in Sources */,
				35C56A9A2297F9C800A79213 /* CurrencyLayerRepository.swift in Sources */,
				351C10DF2296CE60003FA997 /* CurrencyConversionViewController.swift in Sources */,
				351C10DD2296CE60003FA997 /* AppDelegate.swift in Sources */,
				35C56AAE229819B200A79213 /* CurrencyChangeViewModel.swift in Sources */,
				35C56ABB2298C27B00A79213 /* CacheAPIRepository.swift in Sources */,
				35C56AB12298332B00A79213 /* CurrencyConversionPresenter.swift in Sources */,
				35C56A8E2297E51500A79213 /* APIClient.swift in Sources */,
				35C56AA12297FD9300A79213 /* ListCurrency.swift in Sources */,
				35C56AA922980B9B00A79213 /* RateLabel.swift in Sources */,
				35C56AA522980B7200A79213 /* CellExchangeRate.swift in Sources */,
				35C56AB82298C19400A79213 /* LocalStorageClient.swift in Sources */,
				35C56AB5229840AF00A79213 /* SupportedCurrencyViewModel.swift in Sources */,
			);
			runOnlyForDeploymentPostprocessing = 0;
		};
/* End PBXSourcesBuildPhase section */

/* Begin PBXVariantGroup section */
		351C10E02296CE60003FA997 /* Main.storyboard */ = {
			isa = PBXVariantGroup;
			children = (
				351C10E12296CE60003FA997 /* Base */,
			);
			name = Main.storyboard;
			sourceTree = "<group>";
		};
		351C10E52296CE63003FA997 /* LaunchScreen.storyboard */ = {
			isa = PBXVariantGroup;
			children = (
				351C10E62296CE63003FA997 /* Base */,
			);
			name = LaunchScreen.storyboard;
			sourceTree = "<group>";
		};
/* End PBXVariantGroup section */

/* Begin XCBuildConfiguration section */
		351C10E92296CE63003FA997 /* Debug */ = {
			isa = XCBuildConfiguration;
			buildSettings = {
				ALWAYS_SEARCH_USER_PATHS = NO;
				CLANG_ANALYZER_NONNULL = YES;
				CLANG_ANALYZER_NUMBER_OBJECT_CONVERSION = YES_AGGRESSIVE;
				CLANG_CXX_LANGUAGE_STANDARD = "gnu++14";
				CLANG_CXX_LIBRARY = "libc++";
				CLANG_ENABLE_MODULES = YES;
				CLANG_ENABLE_OBJC_ARC = YES;
				CLANG_ENABLE_OBJC_WEAK = YES;
				CLANG_WARN_BLOCK_CAPTURE_AUTORELEASING = YES;
				CLANG_WARN_BOOL_CONVERSION = YES;
				CLANG_WARN_COMMA = YES;
				CLANG_WARN_CONSTANT_CONVERSION = YES;
				CLANG_WARN_DEPRECATED_OBJC_IMPLEMENTATIONS = YES;
				CLANG_WARN_DIRECT_OBJC_ISA_USAGE = YES_ERROR;
				CLANG_WARN_DOCUMENTATION_COMMENTS = YES;
				CLANG_WARN_EMPTY_BODY = YES;
				CLANG_WARN_ENUM_CONVERSION = YES;
				CLANG_WARN_INFINITE_RECURSION = YES;
				CLANG_WARN_INT_CONVERSION = YES;
				CLANG_WARN_NON_LITERAL_NULL_CONVERSION = YES;
				CLANG_WARN_OBJC_IMPLICIT_RETAIN_SELF = YES;
				CLANG_WARN_OBJC_LITERAL_CONVERSION = YES;
				CLANG_WARN_OBJC_ROOT_CLASS = YES_ERROR;
				CLANG_WARN_RANGE_LOOP_ANALYSIS = YES;
				CLANG_WARN_STRICT_PROTOTYPES = YES;
				CLANG_WARN_SUSPICIOUS_MOVE = YES;
				CLANG_WARN_UNGUARDED_AVAILABILITY = YES_AGGRESSIVE;
				CLANG_WARN_UNREACHABLE_CODE = YES;
				CLANG_WARN__DUPLICATE_METHOD_MATCH = YES;
				CODE_SIGN_IDENTITY = "iPhone Developer";
				COPY_PHASE_STRIP = NO;
				DEBUG_INFORMATION_FORMAT = dwarf;
				ENABLE_STRICT_OBJC_MSGSEND = YES;
				ENABLE_TESTABILITY = YES;
				GCC_C_LANGUAGE_STANDARD = gnu11;
				GCC_DYNAMIC_NO_PIC = NO;
				GCC_NO_COMMON_BLOCKS = YES;
				GCC_OPTIMIZATION_LEVEL = 0;
				GCC_PREPROCESSOR_DEFINITIONS = (
					"DEBUG=1",
					"$(inherited)",
				);
				GCC_WARN_64_TO_32_BIT_CONVERSION = YES;
				GCC_WARN_ABOUT_RETURN_TYPE = YES_ERROR;
				GCC_WARN_UNDECLARED_SELECTOR = YES;
				GCC_WARN_UNINITIALIZED_AUTOS = YES_AGGRESSIVE;
				GCC_WARN_UNUSED_FUNCTION = YES;
				GCC_WARN_UNUSED_VARIABLE = YES;
				IPHONEOS_DEPLOYMENT_TARGET = 12.2;
				MTL_ENABLE_DEBUG_INFO = INCLUDE_SOURCE;
				MTL_FAST_MATH = YES;
				ONLY_ACTIVE_ARCH = YES;
				SDKROOT = iphoneos;
				SWIFT_ACTIVE_COMPILATION_CONDITIONS = DEBUG;
				SWIFT_OPTIMIZATION_LEVEL = "-Onone";
			};
			name = Debug;
		};
		351C10EA2296CE63003FA997 /* Release */ = {
			isa = XCBuildConfiguration;
			buildSettings = {
				ALWAYS_SEARCH_USER_PATHS = NO;
				CLANG_ANALYZER_NONNULL = YES;
				CLANG_ANALYZER_NUMBER_OBJECT_CONVERSION = YES_AGGRESSIVE;
				CLANG_CXX_LANGUAGE_STANDARD = "gnu++14";
				CLANG_CXX_LIBRARY = "libc++";
				CLANG_ENABLE_MODULES = YES;
				CLANG_ENABLE_OBJC_ARC = YES;
				CLANG_ENABLE_OBJC_WEAK = YES;
				CLANG_WARN_BLOCK_CAPTURE_AUTORELEASING = YES;
				CLANG_WARN_BOOL_CONVERSION = YES;
				CLANG_WARN_COMMA = YES;
				CLANG_WARN_CONSTANT_CONVERSION = YES;
				CLANG_WARN_DEPRECATED_OBJC_IMPLEMENTATIONS = YES;
				CLANG_WARN_DIRECT_OBJC_ISA_USAGE = YES_ERROR;
				CLANG_WARN_DOCUMENTATION_COMMENTS = YES;
				CLANG_WARN_EMPTY_BODY = YES;
				CLANG_WARN_ENUM_CONVERSION = YES;
				CLANG_WARN_INFINITE_RECURSION = YES;
				CLANG_WARN_INT_CONVERSION = YES;
				CLANG_WARN_NON_LITERAL_NULL_CONVERSION = YES;
				CLANG_WARN_OBJC_IMPLICIT_RETAIN_SELF = YES;
				CLANG_WARN_OBJC_LITERAL_CONVERSION = YES;
				CLANG_WARN_OBJC_ROOT_CLASS = YES_ERROR;
				CLANG_WARN_RANGE_LOOP_ANALYSIS = YES;
				CLANG_WARN_STRICT_PROTOTYPES = YES;
				CLANG_WARN_SUSPICIOUS_MOVE = YES;
				CLANG_WARN_UNGUARDED_AVAILABILITY = YES_AGGRESSIVE;
				CLANG_WARN_UNREACHABLE_CODE = YES;
				CLANG_WARN__DUPLICATE_METHOD_MATCH = YES;
				CODE_SIGN_IDENTITY = "iPhone Developer";
				COPY_PHASE_STRIP = NO;
				DEBUG_INFORMATION_FORMAT = "dwarf-with-dsym";
				ENABLE_NS_ASSERTIONS = NO;
				ENABLE_STRICT_OBJC_MSGSEND = YES;
				GCC_C_LANGUAGE_STANDARD = gnu11;
				GCC_NO_COMMON_BLOCKS = YES;
				GCC_WARN_64_TO_32_BIT_CONVERSION = YES;
				GCC_WARN_ABOUT_RETURN_TYPE = YES_ERROR;
				GCC_WARN_UNDECLARED_SELECTOR = YES;
				GCC_WARN_UNINITIALIZED_AUTOS = YES_AGGRESSIVE;
				GCC_WARN_UNUSED_FUNCTION = YES;
				GCC_WARN_UNUSED_VARIABLE = YES;
				IPHONEOS_DEPLOYMENT_TARGET = 12.2;
				MTL_ENABLE_DEBUG_INFO = NO;
				MTL_FAST_MATH = YES;
				SDKROOT = iphoneos;
				SWIFT_COMPILATION_MODE = wholemodule;
				SWIFT_OPTIMIZATION_LEVEL = "-O";
				VALIDATE_PRODUCT = YES;
			};
			name = Release;
		};
		351C10EC2296CE63003FA997 /* Debug */ = {
			isa = XCBuildConfiguration;
			baseConfigurationReference = 3923BA72E8993FAF35A59F25 /* Pods-Currency Conversion App.debug.xcconfig */;
			buildSettings = {
				ASSETCATALOG_COMPILER_APPICON_NAME = AppIcon;
				CODE_SIGN_STYLE = Automatic;
				DEVELOPMENT_TEAM = 54NDTXK5D8;
				INFOPLIST_FILE = "Currency Conversion App/Info.plist";
				IPHONEOS_DEPLOYMENT_TARGET = 12.0;
				LD_RUNPATH_SEARCH_PATHS = (
					"$(inherited)",
					"@executable_path/Frameworks",
				);
				PRODUCT_BUNDLE_IDENTIFIER = "chen.Currency-Conversion-App";
				PRODUCT_NAME = "$(TARGET_NAME)";
				SWIFT_VERSION = 5.0;
				TARGETED_DEVICE_FAMILY = "1,2";
			};
			name = Debug;
		};
		351C10ED2296CE63003FA997 /* Release */ = {
			isa = XCBuildConfiguration;
			baseConfigurationReference = 22FB7C0BE312D74DE4AA4AB0 /* Pods-Currency Conversion App.release.xcconfig */;
			buildSettings = {
				ASSETCATALOG_COMPILER_APPICON_NAME = AppIcon;
				CODE_SIGN_STYLE = Automatic;
				DEVELOPMENT_TEAM = 54NDTXK5D8;
				INFOPLIST_FILE = "Currency Conversion App/Info.plist";
				IPHONEOS_DEPLOYMENT_TARGET = 12.0;
				LD_RUNPATH_SEARCH_PATHS = (
					"$(inherited)",
					"@executable_path/Frameworks",
				);
				PRODUCT_BUNDLE_IDENTIFIER = "chen.Currency-Conversion-App";
				PRODUCT_NAME = "$(TARGET_NAME)";
				SWIFT_VERSION = 5.0;
				TARGETED_DEVICE_FAMILY = "1,2";
			};
			name = Release;
		};
/* End XCBuildConfiguration section */

/* Begin XCConfigurationList section */
		351C10D42296CE60003FA997 /* Build configuration list for PBXProject "Currency Conversion App" */ = {
			isa = XCConfigurationList;
			buildConfigurations = (
				351C10E92296CE63003FA997 /* Debug */,
				351C10EA2296CE63003FA997 /* Release */,
			);
			defaultConfigurationIsVisible = 0;
			defaultConfigurationName = Release;
		};
		351C10EB2296CE63003FA997 /* Build configuration list for PBXNativeTarget "Currency Conversion App" */ = {
			isa = XCConfigurationList;
			buildConfigurations = (
				351C10EC2296CE63003FA997 /* Debug */,
				351C10ED2296CE63003FA997 /* Release */,
			);
			defaultConfigurationIsVisible = 0;
			defaultConfigurationName = Release;
		};
/* End XCConfigurationList section */
	};
	rootObject = 351C10D12296CE60003FA997 /* Project object */;
}
